{
  "name": "FrontEnd",
  "lockfileVersion": 3,
  "requires": true,
  "packages": {
    "": {
      "dependencies": {
        "newaitrader": "file:.."
      }
    },
    "..": {
      "name": "newaitrader",
      "version": "1.0.0",
      "license": "ISC",
      "dependencies": {
        "axios": "^1.10.0",
        "cookie-parser": "^1.4.7",
        "express": "^5.1.0",
        "express-session": "^1.18.1",
        "lucide-react": "^0.522.0",
        "node-cron": "^4.1.0",
        "react-drag-drop-files": "^3.0.1"
      },
      "devDependencies": {
        "concurrently": "^9.1.2"
      }
    },
    "node_modules/newaitrader": {
      "resolved": "..",
      "link": true
    }
  }
}
