{
  "name": "FrontEnd",
  "lockfileVersion": 3,
  "requires": true,
  "packages": {
    "": {
      "dependencies": {
        "newaitrader": "file:.."
      }
    },
    "..": {
      "name": "newaitrader",
      "version": "1.0.0",
      "license": "ISC",
      "devDependencies": {
        "concurrently": "^9.1.2"
      }
    },
    "node_modules/newaitrader": {
      "resolved": "..",
      "link": true
    }
  }
}
